{
  "name": "site-builder",
  "version": "1.0.0",
  "lockfileVersion": 3,
  "requires": true,
  "packages": {
    "": {
      "name": "site-builder",
      "version": "1.0.0",
      "workspaces": [
        "packages/backend",
        "packages/frontend"
      ]
    },
    "node_modules/@site-builder/backend": {
      "resolved": "packages/backend",
      "link": true
    },
    "node_modules/@site-builder/frontend": {
      "resolved": "packages/frontend",
      "link": true
    },
    "packages/backend": {
      "name": "@site-builder/backend",
      "version": "1.0.0",
      "license": "ISC"
    },
    "packages/frontend": {
      "name": "@site-builder/frontend",
      "version": "1.0.0",
      "license": "ISC",
      "dependencies": {
        "@site-builder/backend": "1.0.0"
      }
    }
  }
}
